
Microsoft Visual Studio Solution File, Format Version 12.00
# Visual Studio Version 17
VisualStudioVersion = 17.9.34723.18
MinimumVisualStudioVersion = 10.0.40219.1
Project("{FAE04EC0-301F-11D3-BF4B-00C04F79EFBC}") = "TextStatWpf", "TextStatWpf.csproj", "{D50E00D3-752C-45CA-B983-47701450B6F6}"
EndProject
Global
	GlobalSection(SolutionConfigurationPlatforms) = preSolution
		Debug|Any CPU = Debug|Any CPU
		Release|Any CPU = Release|Any CPU
	EndGlobalSection
	GlobalSection(ProjectConfigurationPlatforms) = postSolution
		{D50E00D3-752C-45CA-B983-47701450B6F6}.Debug|Any CPU.ActiveCfg = Debug|Any CPU
		{D50E00D3-752C-45CA-B983-47701450B6F6}.Debug|Any CPU.Build.0 = Debug|Any CPU
		{D50E00D3-752C-45CA-B983-47701450B6F6}.Release|Any CPU.ActiveCfg = Release|Any CPU
		{D50E00D3-752C-45CA-B983-47701450B6F6}.Release|Any CPU.Build.0 = Release|Any CPU
	EndGlobalSection
	GlobalSection(SolutionProperties) = preSolution
		HideSolutionNode = FALSE
	EndGlobalSection
	GlobalSection(ExtensibilityGlobals) = postSolution
		SolutionGuid = {3AA61811-705A-49E7-8E15-C64F8F149605}
	EndGlobalSection
EndGlobal
